
Microsoft Visual Studio Solution File, Format Version 12.00
# Visual Studio Version 17
VisualStudioVersion = 17.8.34330.188
MinimumVisualStudioVersion = 10.0.40219.1
Project("{8BC9CEB8-8B4A-11D0-8D11-00A0C91BC942}") = "test_4_15", "test_4_15\test_4_15.vcxproj", "{240B1B42-7777-4FDE-8149-1DFF0B0A0AE0}"
EndProject
Global
	GlobalSection(SolutionConfigurationPlatforms) = preSolution
		Debug|x64 = Debug|x64
		Debug|x86 = Debug|x86
		Release|x64 = Release|x64
		Release|x86 = Release|x86
	EndGlobalSection
	GlobalSection(ProjectConfigurationPlatforms) = postSolution
		{240B1B42-7777-4FDE-8149-1DFF0B0A0AE0}.Debug|x64.ActiveCfg = Debug|x64
		{240B1B42-7777-4FDE-8149-1DFF0B0A0AE0}.Debug|x64.Build.0 = Debug|x64
		{240B1B42-7777-4FDE-8149-1DFF0B0A0AE0}.Debug|x86.ActiveCfg = Debug|Win32
		{240B1B42-7777-4FDE-8149-1DFF0B0A0AE0}.Debug|x86.Build.0 = Debug|Win32
		{240B1B42-7777-4FDE-8149-1DFF0B0A0AE0}.Release|x64.ActiveCfg = Release|x64
		{240B1B42-7777-4FDE-8149-1DFF0B0A0AE0}.Release|x64.Build.0 = Release|x64
		{240B1B42-7777-4FDE-8149-1DFF0B0A0AE0}.Release|x86.ActiveCfg = Release|Win32
		{240B1B42-7777-4FDE-8149-1DFF0B0A0AE0}.Release|x86.Build.0 = Release|Win32
	EndGlobalSection
	GlobalSection(SolutionProperties) = preSolution
		HideSolutionNode = FALSE
	EndGlobalSection
	GlobalSection(ExtensibilityGlobals) = postSolution
		SolutionGuid = {074C9C8A-CBF2-45FC-805A-0DECC04B4B7C}
	EndGlobalSection
EndGlobal
