
Microsoft Visual Studio Solution File, Format Version 12.00
# Visual Studio Version 17
VisualStudioVersion = 17.8.34330.188
MinimumVisualStudioVersion = 10.0.40219.1
Project("{8BC9CEB8-8B4A-11D0-8D11-00A0C91BC942}") = "2-模板-函数模板基本用法", "2-模板-函数模板基本用法.vcxproj", "{010DF4E4-3D26-47C4-8544-0A7128ECE661}"
EndProject
Project("{8BC9CEB8-8B4A-11D0-8D11-00A0C91BC942}") = "4 函数模板案例", "..\4 函数模板案例\4 函数模板案例.vcxproj", "{DF555980-48E0-4C0A-B0A0-C242A0830982}"
EndProject
Project("{8BC9CEB8-8B4A-11D0-8D11-00A0C91BC942}") = "5 普通函数和函数模板的区别", "..\5 普通函数和函数模板的区别\5 普通函数和函数模板的区别.vcxproj", "{CAE9E4F3-F2A4-4ED2-9569-991A6F70DECF}"
EndProject
Project("{8BC9CEB8-8B4A-11D0-8D11-00A0C91BC942}") = "6 普通函数和模板函数的调用规则", "..\6 普通函数和模板函数的调用规则\6 普通函数和模板函数的调用规则.vcxproj", "{B2BB1282-6F3F-4C27-8656-83D50B14169E}"
EndProject
Global
	GlobalSection(SolutionConfigurationPlatforms) = preSolution
		Debug|x64 = Debug|x64
		Debug|x86 = Debug|x86
		Release|x64 = Release|x64
		Release|x86 = Release|x86
	EndGlobalSection
	GlobalSection(ProjectConfigurationPlatforms) = postSolution
		{010DF4E4-3D26-47C4-8544-0A7128ECE661}.Debug|x64.ActiveCfg = Debug|x64
		{010DF4E4-3D26-47C4-8544-0A7128ECE661}.Debug|x64.Build.0 = Debug|x64
		{010DF4E4-3D26-47C4-8544-0A7128ECE661}.Debug|x86.ActiveCfg = Debug|Win32
		{010DF4E4-3D26-47C4-8544-0A7128ECE661}.Debug|x86.Build.0 = Debug|Win32
		{010DF4E4-3D26-47C4-8544-0A7128ECE661}.Release|x64.ActiveCfg = Release|x64
		{010DF4E4-3D26-47C4-8544-0A7128ECE661}.Release|x64.Build.0 = Release|x64
		{010DF4E4-3D26-47C4-8544-0A7128ECE661}.Release|x86.ActiveCfg = Release|Win32
		{010DF4E4-3D26-47C4-8544-0A7128ECE661}.Release|x86.Build.0 = Release|Win32
		{DF555980-48E0-4C0A-B0A0-C242A0830982}.Debug|x64.ActiveCfg = Debug|x64
		{DF555980-48E0-4C0A-B0A0-C242A0830982}.Debug|x64.Build.0 = Debug|x64
		{DF555980-48E0-4C0A-B0A0-C242A0830982}.Debug|x86.ActiveCfg = Debug|Win32
		{DF555980-48E0-4C0A-B0A0-C242A0830982}.Debug|x86.Build.0 = Debug|Win32
		{DF555980-48E0-4C0A-B0A0-C242A0830982}.Release|x64.ActiveCfg = Release|x64
		{DF555980-48E0-4C0A-B0A0-C242A0830982}.Release|x64.Build.0 = Release|x64
		{DF555980-48E0-4C0A-B0A0-C242A0830982}.Release|x86.ActiveCfg = Release|Win32
		{DF555980-48E0-4C0A-B0A0-C242A0830982}.Release|x86.Build.0 = Release|Win32
		{CAE9E4F3-F2A4-4ED2-9569-991A6F70DECF}.Debug|x64.ActiveCfg = Debug|x64
		{CAE9E4F3-F2A4-4ED2-9569-991A6F70DECF}.Debug|x64.Build.0 = Debug|x64
		{CAE9E4F3-F2A4-4ED2-9569-991A6F70DECF}.Debug|x86.ActiveCfg = Debug|Win32
		{CAE9E4F3-F2A4-4ED2-9569-991A6F70DECF}.Debug|x86.Build.0 = Debug|Win32
		{CAE9E4F3-F2A4-4ED2-9569-991A6F70DECF}.Release|x64.ActiveCfg = Release|x64
		{CAE9E4F3-F2A4-4ED2-9569-991A6F70DECF}.Release|x64.Build.0 = Release|x64
		{CAE9E4F3-F2A4-4ED2-9569-991A6F70DECF}.Release|x86.ActiveCfg = Release|Win32
		{CAE9E4F3-F2A4-4ED2-9569-991A6F70DECF}.Release|x86.Build.0 = Release|Win32
		{B2BB1282-6F3F-4C27-8656-83D50B14169E}.Debug|x64.ActiveCfg = Debug|x64
		{B2BB1282-6F3F-4C27-8656-83D50B14169E}.Debug|x64.Build.0 = Debug|x64
		{B2BB1282-6F3F-4C27-8656-83D50B14169E}.Debug|x86.ActiveCfg = Debug|Win32
		{B2BB1282-6F3F-4C27-8656-83D50B14169E}.Debug|x86.Build.0 = Debug|Win32
		{B2BB1282-6F3F-4C27-8656-83D50B14169E}.Release|x64.ActiveCfg = Release|x64
		{B2BB1282-6F3F-4C27-8656-83D50B14169E}.Release|x64.Build.0 = Release|x64
		{B2BB1282-6F3F-4C27-8656-83D50B14169E}.Release|x86.ActiveCfg = Release|Win32
		{B2BB1282-6F3F-4C27-8656-83D50B14169E}.Release|x86.Build.0 = Release|Win32
	EndGlobalSection
	GlobalSection(SolutionProperties) = preSolution
		HideSolutionNode = FALSE
	EndGlobalSection
	GlobalSection(ExtensibilityGlobals) = postSolution
		SolutionGuid = {499C01C4-A54A-4A22-805E-919A62AC7A5A}
	EndGlobalSection
EndGlobal
